
Microsoft Visual Studio Solution File, Format Version 12.00
# Visual Studio Version 17
VisualStudioVersion = 17.11.35222.181
MinimumVisualStudioVersion = 10.0.40219.1
Project("{FAE04EC0-301F-11D3-BF4B-00C04F79EFBC}") = "MyFirstApp", "MyFirstApp\MyFirstApp.csproj", "{7205369E-CB8F-483D-8ABA-E59059D3AF42}"
EndProject
Global
	GlobalSection(SolutionConfigurationPlatforms) = preSolution
		Debug|Any CPU = Debug|Any CPU
		Release|Any CPU = Release|Any CPU
	EndGlobalSection
	GlobalSection(ProjectConfigurationPlatforms) = postSolution
		{7205369E-CB8F-483D-8ABA-E59059D3AF42}.Debug|Any CPU.ActiveCfg = Debug|Any CPU
		{7205369E-CB8F-483D-8ABA-E59059D3AF42}.Debug|Any CPU.Build.0 = Debug|Any CPU
		{7205369E-CB8F-483D-8ABA-E59059D3AF42}.Release|Any CPU.ActiveCfg = Release|Any CPU
		{7205369E-CB8F-483D-8ABA-E59059D3AF42}.Release|Any CPU.Build.0 = Release|Any CPU
	EndGlobalSection
	GlobalSection(SolutionProperties) = preSolution
		HideSolutionNode = FALSE
	EndGlobalSection
	GlobalSection(ExtensibilityGlobals) = postSolution
		SolutionGuid = {F0BF0642-4895-4DE1-AF03-A8EF231BA7FC}
	EndGlobalSection
EndGlobal
